# THIS IS AN AUTOGENERATED FILE. DO NOT EDIT THIS FILE DIRECTLY.
# yarn lockfile v1


"@babel/runtime-corejs3@^7.9.6":
  version "7.13.10"
  resolved "https://registry.yarnpkg.com/@babel/runtime-corejs3/-/runtime-corejs3-7.13.10.tgz#14c3f4c85de22ba88e8e86685d13e8861a82fe86"
  dependencies:
    core-js-pure "^3.0.0"
    regenerator-runtime "^0.13.4"

"@types/raf@^3.4.0":
  version "3.4.0"
  resolved "https://registry.yarnpkg.com/@types/raf/-/raf-3.4.0.tgz#2b72cbd55405e071f1c4d29992638e022b20acc2"

atob@^2.1.2:
  version "2.1.2"
  resolved "https://registry.yarnpkg.com/atob/-/atob-2.1.2.tgz#6d9517eb9e030d2436666651e86bd9f6f13533c9"

babel-polyfill@^6.26.0:
  version "6.26.0"
  resolved "https://registry.yarnpkg.com/babel-polyfill/-/babel-polyfill-6.26.0.tgz#379937abc67d7895970adc621f284cd966cf2153"
  dependencies:
    babel-runtime "^6.26.0"
    core-js "^2.5.0"
    regenerator-runtime "^0.10.5"

babel-runtime@^6.26.0:
  version "6.26.0"
  resolved "https://registry.yarnpkg.com/babel-runtime/-/babel-runtime-6.26.0.tgz#965c7058668e82b55d7bfe04ff2337bc8b5647fe"
  dependencies:
    core-js "^2.4.0"
    regenerator-runtime "^0.11.0"

base64-arraybuffer@^0.2.0:
  version "0.2.0"
  resolved "https://registry.yarnpkg.com/base64-arraybuffer/-/base64-arraybuffer-0.2.0.tgz#4b944fac0191aa5907afe2d8c999ccc57ce80f45"

btoa@^1.2.1:
  version "1.2.1"
  resolved "https://registry.yarnpkg.com/btoa/-/btoa-1.2.1.tgz#01a9909f8b2c93f6bf680ba26131eb30f7fa3d73"

canvg@^3.0.6:
  version "3.0.7"
  resolved "https://registry.yarnpkg.com/canvg/-/canvg-3.0.7.tgz#e45b87a64116af906917f7cad57d370ea372d682"
  dependencies:
    "@babel/runtime-corejs3" "^7.9.6"
    "@types/raf" "^3.4.0"
    raf "^3.4.1"
    rgbcolor "^1.0.1"
    stackblur-canvas "^2.0.0"
    svg-pathdata "^5.0.5"

core-js-pure@^3.0.0:
  version "3.9.1"
  resolved "https://registry.yarnpkg.com/core-js-pure/-/core-js-pure-3.9.1.tgz#677b322267172bd490e4464696f790cbc355bec5"

core-js@^2.4.0, core-js@^2.5.0:
  version "2.5.7"
  resolved "https://registry.yarnpkg.com/core-js/-/core-js-2.5.7.tgz#f972608ff0cead68b841a16a932d0b183791814e"

core-js@^3.6.0:
  version "3.9.1"
  resolved "https://registry.yarnpkg.com/core-js/-/core-js-3.9.1.tgz#cec8de593db8eb2a85ffb0dbdeb312cb6e5460ae"

css-line-break@1.1.1:
  version "1.1.1"
  resolved "https://registry.yarnpkg.com/css-line-break/-/css-line-break-1.1.1.tgz#d5e9bdd297840099eb0503c7310fd34927a026ef"
  dependencies:
    base64-arraybuffer "^0.2.0"

dompurify@^2.2.0:
  version "2.2.7"
  resolved "https://registry.yarnpkg.com/dompurify/-/dompurify-2.2.7.tgz#a5f055a2a471638680e779bd08fc334962d11fd8"

fflate@^0.4.8:
  version "0.4.8"
  resolved "https://registry.yarnpkg.com/fflate/-/fflate-0.4.8.tgz#f90b82aefbd8ac174213abb338bd7ef848f0f5ae"

html2canvas@^1.0.0-rc.5, html2canvas@^1.0.0-rc.7:
  version "1.0.0-rc.7"
  resolved "https://registry.yarnpkg.com/html2canvas/-/html2canvas-1.0.0-rc.7.tgz#70c159ce0e63954a91169531894d08ad5627ac98"
  dependencies:
    css-line-break "1.1.1"

jspdf@^2.3.1:
  version "2.3.1"
  resolved "https://registry.yarnpkg.com/jspdf/-/jspdf-2.3.1.tgz#313d117234b546469694a1fd81a1e02411647576"
  dependencies:
    atob "^2.1.2"
    btoa "^1.2.1"
    fflate "^0.4.8"
  optionalDependencies:
    canvg "^3.0.6"
    core-js "^3.6.0"
    dompurify "^2.2.0"
    html2canvas "^1.0.0-rc.5"

performance-now@^2.1.0:
  version "2.1.0"
  resolved "https://registry.yarnpkg.com/performance-now/-/performance-now-2.1.0.tgz#6309f4e0e5fa913ec1c69307ae364b4b377c9e7b"

raf@^3.4.1:
  version "3.4.1"
  resolved "https://registry.yarnpkg.com/raf/-/raf-3.4.1.tgz#0742e99a4a6552f445d73e3ee0328af0ff1ede39"
  dependencies:
    performance-now "^2.1.0"

regenerator-runtime@^0.10.5:
  version "0.10.5"
  resolved "https://registry.yarnpkg.com/regenerator-runtime/-/regenerator-runtime-0.10.5.tgz#336c3efc1220adcedda2c9fab67b5a7955a33658"

regenerator-runtime@^0.11.0:
  version "0.11.1"
  resolved "https://registry.yarnpkg.com/regenerator-runtime/-/regenerator-runtime-0.11.1.tgz#be05ad7f9bf7d22e056f9726cee5017fbf19e2e9"

regenerator-runtime@^0.13.4:
  version "0.13.7"
  resolved "https://registry.yarnpkg.com/regenerator-runtime/-/regenerator-runtime-0.13.7.tgz#cac2dacc8a1ea675feaabaeb8ae833898ae46f55"

rgbcolor@^1.0.1:
  version "1.0.1"
  resolved "https://registry.yarnpkg.com/rgbcolor/-/rgbcolor-1.0.1.tgz#d6505ecdb304a6595da26fa4b43307306775945d"

stackblur-canvas@^2.0.0:
  version "2.5.0"
  resolved "https://registry.yarnpkg.com/stackblur-canvas/-/stackblur-canvas-2.5.0.tgz#aa87bbed1560fdcd3138fff344fc6a1c413ebac4"

svg-pathdata@^5.0.5:
  version "5.0.5"
  resolved "https://registry.yarnpkg.com/svg-pathdata/-/svg-pathdata-5.0.5.tgz#65e8d765642ba15fe15434444087d082bc526b29"
